
Microsoft Visual Studio Solution File, Format Version 12.00
# Visual Studio Version 17
VisualStudioVersion = 17.3.32922.545
MinimumVisualStudioVersion = 10.0.40219.1
Project("{2150E333-8FDC-42A3-9474-1A3956D46DE8}") = "API", "API", "{7F50336F-C8D8-4319-8B22-7E0CD8A54CEC}"
EndProject
Project("{2150E333-8FDC-42A3-9474-1A3956D46DE8}") = "BlazorUI", "BlazorUI", "{538BFA29-1FE0-4FA2-85F3-9CCF33A9098A}"
EndProject
Project("{9A19103F-16F7-4668-BE54-9A1E7A4F7556}") = "Domain", "API\Domain\Domain.csproj", "{A8F45414-053E-427B-8FA7-1D00DB47284A}"
EndProject
Project("{9A19103F-16F7-4668-BE54-9A1E7A4F7556}") = "Service", "API\Service\Service.csproj", "{DBBBAA36-E5F3-4A11-B314-8473AA494741}"
EndProject
Project("{9A19103F-16F7-4668-BE54-9A1E7A4F7556}") = "DAL", "API\DAL\DAL.csproj", "{E1276D8D-4A4B-4BF0-B1DA-328A939A807E}"
EndProject
Project("{9A19103F-16F7-4668-BE54-9A1E7A4F7556}") = "WebAPI", "API\WebAPI\WebAPI.csproj", "{A862DE01-D41F-4C19-9422-58060A971A5D}"
EndProject
Project("{9A19103F-16F7-4668-BE54-9A1E7A4F7556}") = "UI.Domain", "BlazorUI\Domain\UI.Domain.csproj", "{7A7BCA94-9E76-4E2D-8AFA-7BED6238307B}"
EndProject
Project("{9A19103F-16F7-4668-BE54-9A1E7A4F7556}") = "UI.Service", "BlazorUI\Service\UI.Service.csproj", "{3C1BB3B9-4A0E-4E9D-BC14-B2C7DD1BB26F}"
EndProject
Project("{9A19103F-16F7-4668-BE54-9A1E7A4F7556}") = "UI.Blazor", "BlazorUI\UI.Blazor\UI.Blazor.csproj", "{FBF9EDAD-1A39-48AE-8315-1F8554212613}"
EndProject
Global
	GlobalSection(SolutionConfigurationPlatforms) = preSolution
		Debug|Any CPU = Debug|Any CPU
		Release|Any CPU = Release|Any CPU
	EndGlobalSection
	GlobalSection(ProjectConfigurationPlatforms) = postSolution
		{A8F45414-053E-427B-8FA7-1D00DB47284A}.Debug|Any CPU.ActiveCfg = Debug|Any CPU
		{A8F45414-053E-427B-8FA7-1D00DB47284A}.Debug|Any CPU.Build.0 = Debug|Any CPU
		{A8F45414-053E-427B-8FA7-1D00DB47284A}.Release|Any CPU.ActiveCfg = Release|Any CPU
		{A8F45414-053E-427B-8FA7-1D00DB47284A}.Release|Any CPU.Build.0 = Release|Any CPU
		{DBBBAA36-E5F3-4A11-B314-8473AA494741}.Debug|Any CPU.ActiveCfg = Debug|Any CPU
		{DBBBAA36-E5F3-4A11-B314-8473AA494741}.Debug|Any CPU.Build.0 = Debug|Any CPU
		{DBBBAA36-E5F3-4A11-B314-8473AA494741}.Release|Any CPU.ActiveCfg = Release|Any CPU
		{DBBBAA36-E5F3-4A11-B314-8473AA494741}.Release|Any CPU.Build.0 = Release|Any CPU
		{E1276D8D-4A4B-4BF0-B1DA-328A939A807E}.Debug|Any CPU.ActiveCfg = Debug|Any CPU
		{E1276D8D-4A4B-4BF0-B1DA-328A939A807E}.Debug|Any CPU.Build.0 = Debug|Any CPU
		{E1276D8D-4A4B-4BF0-B1DA-328A939A807E}.Release|Any CPU.ActiveCfg = Release|Any CPU
		{E1276D8D-4A4B-4BF0-B1DA-328A939A807E}.Release|Any CPU.Build.0 = Release|Any CPU
		{A862DE01-D41F-4C19-9422-58060A971A5D}.Debug|Any CPU.ActiveCfg = Debug|Any CPU
		{A862DE01-D41F-4C19-9422-58060A971A5D}.Debug|Any CPU.Build.0 = Debug|Any CPU
		{A862DE01-D41F-4C19-9422-58060A971A5D}.Release|Any CPU.ActiveCfg = Release|Any CPU
		{A862DE01-D41F-4C19-9422-58060A971A5D}.Release|Any CPU.Build.0 = Release|Any CPU
		{7A7BCA94-9E76-4E2D-8AFA-7BED6238307B}.Debug|Any CPU.ActiveCfg = Debug|Any CPU
		{7A7BCA94-9E76-4E2D-8AFA-7BED6238307B}.Debug|Any CPU.Build.0 = Debug|Any CPU
		{7A7BCA94-9E76-4E2D-8AFA-7BED6238307B}.Release|Any CPU.ActiveCfg = Release|Any CPU
		{7A7BCA94-9E76-4E2D-8AFA-7BED6238307B}.Release|Any CPU.Build.0 = Release|Any CPU
		{3C1BB3B9-4A0E-4E9D-BC14-B2C7DD1BB26F}.Debug|Any CPU.ActiveCfg = Debug|Any CPU
		{3C1BB3B9-4A0E-4E9D-BC14-B2C7DD1BB26F}.Debug|Any CPU.Build.0 = Debug|Any CPU
		{3C1BB3B9-4A0E-4E9D-BC14-B2C7DD1BB26F}.Release|Any CPU.ActiveCfg = Release|Any CPU
		{3C1BB3B9-4A0E-4E9D-BC14-B2C7DD1BB26F}.Release|Any CPU.Build.0 = Release|Any CPU
		{FBF9EDAD-1A39-48AE-8315-1F8554212613}.Debug|Any CPU.ActiveCfg = Debug|Any CPU
		{FBF9EDAD-1A39-48AE-8315-1F8554212613}.Debug|Any CPU.Build.0 = Debug|Any CPU
		{FBF9EDAD-1A39-48AE-8315-1F8554212613}.Release|Any CPU.ActiveCfg = Release|Any CPU
		{FBF9EDAD-1A39-48AE-8315-1F8554212613}.Release|Any CPU.Build.0 = Release|Any CPU
	EndGlobalSection
	GlobalSection(SolutionProperties) = preSolution
		HideSolutionNode = FALSE
	EndGlobalSection
	GlobalSection(NestedProjects) = preSolution
		{A8F45414-053E-427B-8FA7-1D00DB47284A} = {7F50336F-C8D8-4319-8B22-7E0CD8A54CEC}
		{DBBBAA36-E5F3-4A11-B314-8473AA494741} = {7F50336F-C8D8-4319-8B22-7E0CD8A54CEC}
		{E1276D8D-4A4B-4BF0-B1DA-328A939A807E} = {7F50336F-C8D8-4319-8B22-7E0CD8A54CEC}
		{A862DE01-D41F-4C19-9422-58060A971A5D} = {7F50336F-C8D8-4319-8B22-7E0CD8A54CEC}
		{7A7BCA94-9E76-4E2D-8AFA-7BED6238307B} = {538BFA29-1FE0-4FA2-85F3-9CCF33A9098A}
		{3C1BB3B9-4A0E-4E9D-BC14-B2C7DD1BB26F} = {538BFA29-1FE0-4FA2-85F3-9CCF33A9098A}
		{FBF9EDAD-1A39-48AE-8315-1F8554212613} = {538BFA29-1FE0-4FA2-85F3-9CCF33A9098A}
	EndGlobalSection
	GlobalSection(ExtensibilityGlobals) = postSolution
		SolutionGuid = {C915886B-5463-4B6E-A365-D2E218FCCF7F}
	EndGlobalSection
EndGlobal
